
Microsoft Visual Studio Solution File, Format Version 12.00
# Visual Studio Version 17
VisualStudioVersion = 17.8.34316.72
MinimumVisualStudioVersion = 10.0.40219.1
Project("{FAE04EC0-301F-11D3-BF4B-00C04F79EFBC}") = "Loop_alphabet_and_display_letter", "Loop_alphabet_and_display_letter.csproj", "{C3F0DD9D-D673-4EAE-9F7B-206E611D5C05}"
EndProject
Global
	GlobalSection(SolutionConfigurationPlatforms) = preSolution
		Debug|Any CPU = Debug|Any CPU
		Release|Any CPU = Release|Any CPU
	EndGlobalSection
	GlobalSection(ProjectConfigurationPlatforms) = postSolution
		{C3F0DD9D-D673-4EAE-9F7B-206E611D5C05}.Debug|Any CPU.ActiveCfg = Debug|Any CPU
		{C3F0DD9D-D673-4EAE-9F7B-206E611D5C05}.Debug|Any CPU.Build.0 = Debug|Any CPU
		{C3F0DD9D-D673-4EAE-9F7B-206E611D5C05}.Release|Any CPU.ActiveCfg = Release|Any CPU
		{C3F0DD9D-D673-4EAE-9F7B-206E611D5C05}.Release|Any CPU.Build.0 = Release|Any CPU
	EndGlobalSection
	GlobalSection(SolutionProperties) = preSolution
		HideSolutionNode = FALSE
	EndGlobalSection
	GlobalSection(ExtensibilityGlobals) = postSolution
		SolutionGuid = {46BA2B26-0CEB-46F5-A885-378FBE7942D3}
	EndGlobalSection
EndGlobal
