
Microsoft Visual Studio Solution File, Format Version 12.00
# Visual Studio Version 17
VisualStudioVersion = 17.8.34316.72
MinimumVisualStudioVersion = 10.0.40219.1
Project("{FAE04EC0-301F-11D3-BF4B-00C04F79EFBC}") = "integer_division_and_floating_point_division", "integer_division_and_floating_point_division.csproj", "{48EC0752-0E26-4BE2-99B8-6B25EB61A7DB}"
EndProject
Global
	GlobalSection(SolutionConfigurationPlatforms) = preSolution
		Debug|Any CPU = Debug|Any CPU
		Release|Any CPU = Release|Any CPU
	EndGlobalSection
	GlobalSection(ProjectConfigurationPlatforms) = postSolution
		{48EC0752-0E26-4BE2-99B8-6B25EB61A7DB}.Debug|Any CPU.ActiveCfg = Debug|Any CPU
		{48EC0752-0E26-4BE2-99B8-6B25EB61A7DB}.Debug|Any CPU.Build.0 = Debug|Any CPU
		{48EC0752-0E26-4BE2-99B8-6B25EB61A7DB}.Release|Any CPU.ActiveCfg = Release|Any CPU
		{48EC0752-0E26-4BE2-99B8-6B25EB61A7DB}.Release|Any CPU.Build.0 = Release|Any CPU
	EndGlobalSection
	GlobalSection(SolutionProperties) = preSolution
		HideSolutionNode = FALSE
	EndGlobalSection
	GlobalSection(ExtensibilityGlobals) = postSolution
		SolutionGuid = {24CD5015-D67C-46B0-BF95-FDF463C96E23}
	EndGlobalSection
EndGlobal
